// !$*UTF8*$!
{
	archiveVersion = 1;
	classes = {
	};
	objectVersion = 55;
	objects = {

/* Begin PBXBuildFile section */
		A1855F7628E9CE3A001D9FAA /* missions.json in Resources */ = {isa = PBXBuildFile; fileRef = A1855F7428E9CE3A001D9FAA /* missions.json */; };
		A1855F7728E9CE3A001D9FAA /* astronauts.json in Resources */ = {isa = PBXBuildFile; fileRef = A1855F7528E9CE3A001D9FAA /* astronauts.json */; };
		A1D25AD628E256BD000F6ABB /* MoonshotSwiftUIApp.swift in Sources */ = {isa = PBXBuildFile; fileRef = A1D25AD528E256BD000F6ABB /* MoonshotSwiftUIApp.swift */; };
		A1D25AD828E256BD000F6ABB /* ContentView.swift in Sources */ = {isa = PBXBuildFile; fileRef = A1D25AD728E256BD000F6ABB /* ContentView.swift */; };
		A1D25ADA28E256C2000F6ABB /* Assets.xcassets in Resources */ = {isa = PBXBuildFile; fileRef = A1D25AD928E256C2000F6ABB /* Assets.xcassets */; };
		A1D25ADD28E256C2000F6ABB /* Preview Assets.xcassets in Resources */ = {isa = PBXBuildFile; fileRef = A1D25ADC28E256C2000F6ABB /* Preview Assets.xcassets */; };
		A1D25AE728E256C2000F6ABB /* MoonshotSwiftUITests.swift in Sources */ = {isa = PBXBuildFile; fileRef = A1D25AE628E256C2000F6ABB /* MoonshotSwiftUITests.swift */; };
		A1D25AF128E256C2000F6ABB /* MoonshotSwiftUIUITests.swift in Sources */ = {isa = PBXBuildFile; fileRef = A1D25AF028E256C2000F6ABB /* MoonshotSwiftUIUITests.swift */; };
		A1D25AF328E256C2000F6ABB /* MoonshotSwiftUIUITestsLaunchTests.swift in Sources */ = {isa = PBXBuildFile; fileRef = A1D25AF228E256C2000F6ABB /* MoonshotSwiftUIUITestsLaunchTests.swift */; };
/* End PBXBuildFile section */

/* Begin PBXContainerItemProxy section */
		A1D25AE328E256C2000F6ABB /* PBXContainerItemProxy */ = {
			isa = PBXContainerItemProxy;
			containerPortal = A1D25ACA28E256BD000F6ABB /* Project object */;
			proxyType = 1;
			remoteGlobalIDString = A1D25AD128E256BD000F6ABB;
			remoteInfo = MoonshotSwiftUI;
		};
		A1D25AED28E256C2000F6ABB /* PBXContainerItemProxy */ = {
			isa = PBXContainerItemProxy;
			containerPortal = A1D25ACA28E256BD000F6ABB /* Project object */;
			proxyType = 1;
			remoteGlobalIDString = A1D25AD128E256BD000F6ABB;
			remoteInfo = MoonshotSwiftUI;
		};
/* End PBXContainerItemProxy section */

/* Begin PBXFileReference section */
		A1855F7428E9CE3A001D9FAA /* missions.json */ = {isa = PBXFileReference; fileEncoding = 4; lastKnownFileType = text.json; path = missions.json; sourceTree = "<group>"; };
		A1855F7528E9CE3A001D9FAA /* astronauts.json */ = {isa = PBXFileReference; fileEncoding = 4; lastKnownFileType = text.json; path = astronauts.json; sourceTree = "<group>"; };
		A1D25AD228E256BD000F6ABB /* MoonshotSwiftUI.app */ = {isa = PBXFileReference; explicitFileType = wrapper.application; includeInIndex = 0; path = MoonshotSwiftUI.app; sourceTree = BUILT_PRODUCTS_DIR; };
		A1D25AD528E256BD000F6ABB /* MoonshotSwiftUIApp.swift */ = {isa = PBXFileReference; lastKnownFileType = sourcecode.swift; path = MoonshotSwiftUIApp.swift; sourceTree = "<group>"; };
		A1D25AD728E256BD000F6ABB /* ContentView.swift */ = {isa = PBXFileReference; lastKnownFileType = sourcecode.swift; path = ContentView.swift; sourceTree = "<group>"; };
		A1D25AD928E256C2000F6ABB /* Assets.xcassets */ = {isa = PBXFileReference; lastKnownFileType = folder.assetcatalog; path = Assets.xcassets; sourceTree = "<group>"; };
		A1D25ADC28E256C2000F6ABB /* Preview Assets.xcassets */ = {isa = PBXFileReference; lastKnownFileType = folder.assetcatalog; path = "Preview Assets.xcassets"; sourceTree = "<group>"; };
		A1D25AE228E256C2000F6ABB /* MoonshotSwiftUITests.xctest */ = {isa = PBXFileReference; explicitFileType = wrapper.cfbundle; includeInIndex = 0; path = MoonshotSwiftUITests.xctest; sourceTree = BUILT_PRODUCTS_DIR; };
		A1D25AE628E256C2000F6ABB /* MoonshotSwiftUITests.swift */ = {isa = PBXFileReference; lastKnownFileType = sourcecode.swift; path = MoonshotSwiftUITests.swift; sourceTree = "<group>"; };
		A1D25AEC28E256C2000F6ABB /* MoonshotSwiftUIUITests.xctest */ = {isa = PBXFileReference; explicitFileType = wrapper.cfbundle; includeInIndex = 0; path = MoonshotSwiftUIUITests.xctest; sourceTree = BUILT_PRODUCTS_DIR; };
		A1D25AF028E256C2000F6ABB /* MoonshotSwiftUIUITests.swift */ = {isa = PBXFileReference; lastKnownFileType = sourcecode.swift; path = MoonshotSwiftUIUITests.swift; sourceTree = "<group>"; };
		A1D25AF228E256C2000F6ABB /* MoonshotSwiftUIUITestsLaunchTests.swift */ = {isa = PBXFileReference; lastKnownFileType = sourcecode.swift; path = MoonshotSwiftUIUITestsLaunchTests.swift; sourceTree = "<group>"; };
/* End PBXFileReference section */

/* Begin PBXFrameworksBuildPhase section */
		A1D25ACF28E256BD000F6ABB /* Frameworks */ = {
			isa = PBXFrameworksBuildPhase;
			buildActionMask = 2147483647;
			files = (
			);
			runOnlyForDeploymentPostprocessing = 0;
		};
		A1D25ADF28E256C2000F6ABB /* Frameworks */ = {
			isa = PBXFrameworksBuildPhase;
			buildActionMask = 2147483647;
			files = (
			);
			runOnlyForDeploymentPostprocessing = 0;
		};
		A1D25AE928E256C2000F6ABB /* Frameworks */ = {
			isa = PBXFrameworksBuildPhase;
			buildActionMask = 2147483647;
			files = (
			);
			runOnlyForDeploymentPostprocessing = 0;
		};
/* End PBXFrameworksBuildPhase section */

/* Begin PBXGroup section */
		A1855F7828E9CE56001D9FAA /* Data */ = {
			isa = PBXGroup;
			children = (
				A1855F7528E9CE3A001D9FAA /* astronauts.json */,
				A1855F7428E9CE3A001D9FAA /* missions.json */,
			);
			path = Data;
			sourceTree = "<group>";
		};
		A1D25AC928E256BD000F6ABB = {
			isa = PBXGroup;
			children = (
				A1D25AD428E256BD000F6ABB /* MoonshotSwiftUI */,
				A1D25AE528E256C2000F6ABB /* MoonshotSwiftUITests */,
				A1D25AEF28E256C2000F6ABB /* MoonshotSwiftUIUITests */,
				A1D25AD328E256BD000F6ABB /* Products */,
			);
			sourceTree = "<group>";
		};
		A1D25AD328E256BD000F6ABB /* Products */ = {
			isa = PBXGroup;
			children = (
				A1D25AD228E256BD000F6ABB /* MoonshotSwiftUI.app */,
				A1D25AE228E256C2000F6ABB /* MoonshotSwiftUITests.xctest */,
				A1D25AEC28E256C2000F6ABB /* MoonshotSwiftUIUITests.xctest */,
			);
			name = Products;
			sourceTree = "<group>";
		};
		A1D25AD428E256BD000F6ABB /* MoonshotSwiftUI */ = {
			isa = PBXGroup;
			children = (
				A1855F7828E9CE56001D9FAA /* Data */,
				A1D25AD528E256BD000F6ABB /* MoonshotSwiftUIApp.swift */,
				A1D25AD728E256BD000F6ABB /* ContentView.swift */,
				A1D25AD928E256C2000F6ABB /* Assets.xcassets */,
				A1D25ADB28E256C2000F6ABB /* Preview Content */,
			);
			path = MoonshotSwiftUI;
			sourceTree = "<group>";
		};
		A1D25ADB28E256C2000F6ABB /* Preview Content */ = {
			isa = PBXGroup;
			children = (
				A1D25ADC28E256C2000F6ABB /* Preview Assets.xcassets */,
			);
			path = "Preview Content";
			sourceTree = "<group>";
		};
		A1D25AE528E256C2000F6ABB /* MoonshotSwiftUITests */ = {
			isa = PBXGroup;
			children = (
				A1D25AE628E256C2000F6ABB /* MoonshotSwiftUITests.swift */,
			);
			path = MoonshotSwiftUITests;
			sourceTree = "<group>";
		};
		A1D25AEF28E256C2000F6ABB /* MoonshotSwiftUIUITests */ = {
			isa = PBXGroup;
			children = (
				A1D25AF028E256C2000F6ABB /* MoonshotSwiftUIUITests.swift */,
				A1D25AF228E256C2000F6ABB /* MoonshotSwiftUIUITestsLaunchTests.swift */,
			);
			path = MoonshotSwiftUIUITests;
			sourceTree = "<group>";
		};
/* End PBXGroup section */

/* Begin PBXNativeTarget section */
		A1D25AD128E256BD000F6ABB /* MoonshotSwiftUI */ = {
			isa = PBXNativeTarget;
			buildConfigurationList = A1D25AF628E256C2000F6ABB /* Build configuration list for PBXNativeTarget "MoonshotSwiftUI" */;
			buildPhases = (
				A1D25ACE28E256BD000F6ABB /* Sources */,
				A1D25ACF28E256BD000F6ABB /* Frameworks */,
				A1D25AD028E256BD000F6ABB /* Resources */,
			);
			buildRules = (
			);
			dependencies = (
			);
			name = MoonshotSwiftUI;
			productName = MoonshotSwiftUI;
			productReference = A1D25AD228E256BD000F6ABB /* MoonshotSwiftUI.app */;
			productType = "com.apple.product-type.application";
		};
		A1D25AE128E256C2000F6ABB /* MoonshotSwiftUITests */ = {
			isa = PBXNativeTarget;
			buildConfigurationList = A1D25AF928E256C2000F6ABB /* Build configuration list for PBXNativeTarget "MoonshotSwiftUITests" */;
			buildPhases = (
				A1D25ADE28E256C2000F6ABB /* Sources */,
				A1D25ADF28E256C2000F6ABB /* Frameworks */,
				A1D25AE028E256C2000F6ABB /* Resources */,
			);
			buildRules = (
			);
			dependencies = (
				A1D25AE428E256C2000F6ABB /* PBXTargetDependency */,
			);
			name = MoonshotSwiftUITests;
			productName = MoonshotSwiftUITests;
			productReference = A1D25AE228E256C2000F6ABB /* MoonshotSwiftUITests.xctest */;
			productType = "com.apple.product-type.bundle.unit-test";
		};
		A1D25AEB28E256C2000F6ABB /* MoonshotSwiftUIUITests */ = {
			isa = PBXNativeTarget;
			buildConfigurationList = A1D25AFC28E256C2000F6ABB /* Build configuration list for PBXNativeTarget "MoonshotSwiftUIUITests" */;
			buildPhases = (
				A1D25AE828E256C2000F6ABB /* Sources */,
				A1D25AE928E256C2000F6ABB /* Frameworks */,
				A1D25AEA28E256C2000F6ABB /* Resources */,
			);
			buildRules = (
			);
			dependencies = (
				A1D25AEE28E256C2000F6ABB /* PBXTargetDependency */,
			);
			name = MoonshotSwiftUIUITests;
			productName = MoonshotSwiftUIUITests;
			productReference = A1D25AEC28E256C2000F6ABB /* MoonshotSwiftUIUITests.xctest */;
			productType = "com.apple.product-type.bundle.ui-testing";
		};
/* End PBXNativeTarget section */

/* Begin PBXProject section */
		A1D25ACA28E256BD000F6ABB /* Project object */ = {
			isa = PBXProject;
			attributes = {
				BuildIndependentTargetsInParallel = 1;
				LastSwiftUpdateCheck = 1340;
				LastUpgradeCheck = 1340;
				TargetAttributes = {
					A1D25AD128E256BD000F6ABB = {
						CreatedOnToolsVersion = 13.4.1;
					};
					A1D25AE128E256C2000F6ABB = {
						CreatedOnToolsVersion = 13.4.1;
						TestTargetID = A1D25AD128E256BD000F6ABB;
					};
					A1D25AEB28E256C2000F6ABB = {
						CreatedOnToolsVersion = 13.4.1;
						TestTargetID = A1D25AD128E256BD000F6ABB;
					};
				};
			};
			buildConfigurationList = A1D25ACD28E256BD000F6ABB /* Build configuration list for PBXProject "MoonshotSwiftUI" */;
			compatibilityVersion = "Xcode 13.0";
			developmentRegion = en;
			hasScannedForEncodings = 0;
			knownRegions = (
				en,
				Base,
			);
			mainGroup = A1D25AC928E256BD000F6ABB;
			productRefGroup = A1D25AD328E256BD000F6ABB /* Products */;
			projectDirPath = "";
			projectRoot = "";
			targets = (
				A1D25AD128E256BD000F6ABB /* MoonshotSwiftUI */,
				A1D25AE128E256C2000F6ABB /* MoonshotSwiftUITests */,
				A1D25AEB28E256C2000F6ABB /* MoonshotSwiftUIUITests */,
			);
		};
/* End PBXProject section */

/* Begin PBXResourcesBuildPhase section */
		A1D25AD028E256BD000F6ABB /* Resources */ = {
			isa = PBXResourcesBuildPhase;
			buildActionMask = 2147483647;
			files = (
				A1D25ADD28E256C2000F6ABB /* Preview Assets.xcassets in Resources */,
				A1855F7628E9CE3A001D9FAA /* missions.json in Resources */,
				A1D25ADA28E256C2000F6ABB /* Assets.xcassets in Resources */,
				A1855F7728E9CE3A001D9FAA /* astronauts.json in Resources */,
			);
			runOnlyForDeploymentPostprocessing = 0;
		};
		A1D25AE028E256C2000F6ABB /* Resources */ = {
			isa = PBXResourcesBuildPhase;
			buildActionMask = 2147483647;
			files = (
			);
			runOnlyForDeploymentPostprocessing = 0;
		};
		A1D25AEA28E256C2000F6ABB /* Resources */ = {
			isa = PBXResourcesBuildPhase;
			buildActionMask = 2147483647;
			files = (
			);
			runOnlyForDeploymentPostprocessing = 0;
		};
/* End PBXResourcesBuildPhase section */

/* Begin PBXSourcesBuildPhase section */
		A1D25ACE28E256BD000F6ABB /* Sources */ = {
			isa = PBXSourcesBuildPhase;
			buildActionMask = 2147483647;
			files = (
				A1D25AD828E256BD000F6ABB /* ContentView.swift in Sources */,
				A1D25AD628E256BD000F6ABB /* MoonshotSwiftUIApp.swift in Sources */,
			);
			runOnlyForDeploymentPostprocessing = 0;
		};
		A1D25ADE28E256C2000F6ABB /* Sources */ = {
			isa = PBXSourcesBuildPhase;
			buildActionMask = 2147483647;
			files = (
				A1D25AE728E256C2000F6ABB /* MoonshotSwiftUITests.swift in Sources */,
			);
			runOnlyForDeploymentPostprocessing = 0;
		};
		A1D25AE828E256C2000F6ABB /* Sources */ = {
			isa = PBXSourcesBuildPhase;
			buildActionMask = 2147483647;
			files = (
				A1D25AF128E256C2000F6ABB /* MoonshotSwiftUIUITests.swift in Sources */,
				A1D25AF328E256C2000F6ABB /* MoonshotSwiftUIUITestsLaunchTests.swift in Sources */,
			);
			runOnlyForDeploymentPostprocessing = 0;
		};
/* End PBXSourcesBuildPhase section */

/* Begin PBXTargetDependency section */
		A1D25AE428E256C2000F6ABB /* PBXTargetDependency */ = {
			isa = PBXTargetDependency;
			target = A1D25AD128E256BD000F6ABB /* MoonshotSwiftUI */;
			targetProxy = A1D25AE328E256C2000F6ABB /* PBXContainerItemProxy */;
		};
		A1D25AEE28E256C2000F6ABB /* PBXTargetDependency */ = {
			isa = PBXTargetDependency;
			target = A1D25AD128E256BD000F6ABB /* MoonshotSwiftUI */;
			targetProxy = A1D25AED28E256C2000F6ABB /* PBXContainerItemProxy */;
		};
/* End PBXTargetDependency section */

/* Begin XCBuildConfiguration section */
		A1D25AF428E256C2000F6ABB /* Debug */ = {
			isa = XCBuildConfiguration;
			buildSettings = {
				ALWAYS_SEARCH_USER_PATHS = NO;
				CLANG_ANALYZER_NONNULL = YES;
				CLANG_ANALYZER_NUMBER_OBJECT_CONVERSION = YES_AGGRESSIVE;
				CLANG_CXX_LANGUAGE_STANDARD = "gnu++17";
				CLANG_ENABLE_MODULES = YES;
				CLANG_ENABLE_OBJC_ARC = YES;
				CLANG_ENABLE_OBJC_WEAK = YES;
				CLANG_WARN_BLOCK_CAPTURE_AUTORELEASING = YES;
				CLANG_WARN_BOOL_CONVERSION = YES;
				CLANG_WARN_COMMA = YES;
				CLANG_WARN_CONSTANT_CONVERSION = YES;
				CLANG_WARN_DEPRECATED_OBJC_IMPLEMENTATIONS = YES;
				CLANG_WARN_DIRECT_OBJC_ISA_USAGE = YES_ERROR;
				CLANG_WARN_DOCUMENTATION_COMMENTS = YES;
				CLANG_WARN_EMPTY_BODY = YES;
				CLANG_WARN_ENUM_CONVERSION = YES;
				CLANG_WARN_INFINITE_RECURSION = YES;
				CLANG_WARN_INT_CONVERSION = YES;
				CLANG_WARN_NON_LITERAL_NULL_CONVERSION = YES;
				CLANG_WARN_OBJC_IMPLICIT_RETAIN_SELF = YES;
				CLANG_WARN_OBJC_LITERAL_CONVERSION = YES;
				CLANG_WARN_OBJC_ROOT_CLASS = YES_ERROR;
				CLANG_WARN_QUOTED_INCLUDE_IN_FRAMEWORK_HEADER = YES;
				CLANG_WARN_RANGE_LOOP_ANALYSIS = YES;
				CLANG_WARN_STRICT_PROTOTYPES = YES;
				CLANG_WARN_SUSPICIOUS_MOVE = YES;
				CLANG_WARN_UNGUARDED_AVAILABILITY = YES_AGGRESSIVE;
				CLANG_WARN_UNREACHABLE_CODE = YES;
				CLANG_WARN__DUPLICATE_METHOD_MATCH = YES;
				COPY_PHASE_STRIP = NO;
				DEBUG_INFORMATION_FORMAT = dwarf;
				ENABLE_STRICT_OBJC_MSGSEND = YES;
				ENABLE_TESTABILITY = YES;
				GCC_C_LANGUAGE_STANDARD = gnu11;
				GCC_DYNAMIC_NO_PIC = NO;
				GCC_NO_COMMON_BLOCKS = YES;
				GCC_OPTIMIZATION_LEVEL = 0;
				GCC_PREPROCESSOR_DEFINITIONS = (
					"DEBUG=1",
					"$(inherited)",
				);
				GCC_WARN_64_TO_32_BIT_CONVERSION = YES;
				GCC_WARN_ABOUT_RETURN_TYPE = YES_ERROR;
				GCC_WARN_UNDECLARED_SELECTOR = YES;
				GCC_WARN_UNINITIALIZED_AUTOS = YES_AGGRESSIVE;
				GCC_WARN_UNUSED_FUNCTION = YES;
				GCC_WARN_UNUSED_VARIABLE = YES;
				IPHONEOS_DEPLOYMENT_TARGET = 15.5;
				MTL_ENABLE_DEBUG_INFO = INCLUDE_SOURCE;
				MTL_FAST_MATH = YES;
				ONLY_ACTIVE_ARCH = YES;
				SDKROOT = iphoneos;
				SWIFT_ACTIVE_COMPILATION_CONDITIONS = DEBUG;
				SWIFT_OPTIMIZATION_LEVEL = "-Onone";
			};
			name = Debug;
		};
		A1D25AF528E256C2000F6ABB /* Release */ = {
			isa = XCBuildConfiguration;
			buildSettings = {
				ALWAYS_SEARCH_USER_PATHS = NO;
				CLANG_ANALYZER_NONNULL = YES;
				CLANG_ANALYZER_NUMBER_OBJECT_CONVERSION = YES_AGGRESSIVE;
				CLANG_CXX_LANGUAGE_STANDARD = "gnu++17";
				CLANG_ENABLE_MODULES = YES;
				CLANG_ENABLE_OBJC_ARC = YES;
				CLANG_ENABLE_OBJC_WEAK = YES;
				CLANG_WARN_BLOCK_CAPTURE_AUTORELEASING = YES;
				CLANG_WARN_BOOL_CONVERSION = YES;
				CLANG_WARN_COMMA = YES;
				CLANG_WARN_CONSTANT_CONVERSION = YES;
				CLANG_WARN_DEPRECATED_OBJC_IMPLEMENTATIONS = YES;
				CLANG_WARN_DIRECT_OBJC_ISA_USAGE = YES_ERROR;
				CLANG_WARN_DOCUMENTATION_COMMENTS = YES;
				CLANG_WARN_EMPTY_BODY = YES;
				CLANG_WARN_ENUM_CONVERSION = YES;
				CLANG_WARN_INFINITE_RECURSION = YES;
				CLANG_WARN_INT_CONVERSION = YES;
				CLANG_WARN_NON_LITERAL_NULL_CONVERSION = YES;
				CLANG_WARN_OBJC_IMPLICIT_RETAIN_SELF = YES;
				CLANG_WARN_OBJC_LITERAL_CONVERSION = YES;
				CLANG_WARN_OBJC_ROOT_CLASS = YES_ERROR;
				CLANG_WARN_QUOTED_INCLUDE_IN_FRAMEWORK_HEADER = YES;
				CLANG_WARN_RANGE_LOOP_ANALYSIS = YES;
				CLANG_WARN_STRICT_PROTOTYPES = YES;
				CLANG_WARN_SUSPICIOUS_MOVE = YES;
				CLANG_WARN_UNGUARDED_AVAILABILITY = YES_AGGRESSIVE;
				CLANG_WARN_UNREACHABLE_CODE = YES;
				CLANG_WARN__DUPLICATE_METHOD_MATCH = YES;
				COPY_PHASE_STRIP = NO;
				DEBUG_INFORMATION_FORMAT = "dwarf-with-dsym";
				ENABLE_NS_ASSERTIONS = NO;
				ENABLE_STRICT_OBJC_MSGSEND = YES;
				GCC_C_LANGUAGE_STANDARD = gnu11;
				GCC_NO_COMMON_BLOCKS = YES;
				GCC_WARN_64_TO_32_BIT_CONVERSION = YES;
				GCC_WARN_ABOUT_RETURN_TYPE = YES_ERROR;
				GCC_WARN_UNDECLARED_SELECTOR = YES;
				GCC_WARN_UNINITIALIZED_AUTOS = YES_AGGRESSIVE;
				GCC_WARN_UNUSED_FUNCTION = YES;
				GCC_WARN_UNUSED_VARIABLE = YES;
				IPHONEOS_DEPLOYMENT_TARGET = 15.5;
				MTL_ENABLE_DEBUG_INFO = NO;
				MTL_FAST_MATH = YES;
				SDKROOT = iphoneos;
				SWIFT_COMPILATION_MODE = wholemodule;
				SWIFT_OPTIMIZATION_LEVEL = "-O";
				VALIDATE_PRODUCT = YES;
			};
			name = Release;
		};
		A1D25AF728E256C2000F6ABB /* Debug */ = {
			isa = XCBuildConfiguration;
			buildSettings = {
				ASSETCATALOG_COMPILER_APPICON_NAME = AppIcon;
				ASSETCATALOG_COMPILER_GLOBAL_ACCENT_COLOR_NAME = AccentColor;
				CODE_SIGN_STYLE = Automatic;
				CURRENT_PROJECT_VERSION = 1;
				DEVELOPMENT_ASSET_PATHS = "\"MoonshotSwiftUI/Preview Content\"";
				DEVELOPMENT_TEAM = Z4W466JVX9;
				ENABLE_PREVIEWS = YES;
				GENERATE_INFOPLIST_FILE = YES;
				INFOPLIST_KEY_UIApplicationSceneManifest_Generation = YES;
				INFOPLIST_KEY_UIApplicationSupportsIndirectInputEvents = YES;
				INFOPLIST_KEY_UILaunchScreen_Generation = YES;
				INFOPLIST_KEY_UISupportedInterfaceOrientations_iPad = "UIInterfaceOrientationPortrait UIInterfaceOrientationPortraitUpsideDown UIInterfaceOrientationLandscapeLeft UIInterfaceOrientationLandscapeRight";
				INFOPLIST_KEY_UISupportedInterfaceOrientations_iPhone = "UIInterfaceOrientationPortrait UIInterfaceOrientationLandscapeLeft UIInterfaceOrientationLandscapeRight";
				LD_RUNPATH_SEARCH_PATHS = (
					"$(inherited)",
					"@executable_path/Frameworks",
				);
				MARKETING_VERSION = 1.0;
				PRODUCT_BUNDLE_IDENTIFIER = com.anastasiiaveremiichyk.MoonshotSwiftUI;
				PRODUCT_NAME = "$(TARGET_NAME)";
				SWIFT_EMIT_LOC_STRINGS = YES;
				SWIFT_VERSION = 5.0;
				TARGETED_DEVICE_FAMILY = "1,2";
			};
			name = Debug;
		};
		A1D25AF828E256C2000F6ABB /* Release */ = {
			isa = XCBuildConfiguration;
			buildSettings = {
				ASSETCATALOG_COMPILER_APPICON_NAME = AppIcon;
				ASSETCATALOG_COMPILER_GLOBAL_ACCENT_COLOR_NAME = AccentColor;
				CODE_SIGN_STYLE = Automatic;
				CURRENT_PROJECT_VERSION = 1;
				DEVELOPMENT_ASSET_PATHS = "\"MoonshotSwiftUI/Preview Content\"";
				DEVELOPMENT_TEAM = Z4W466JVX9;
				ENABLE_PREVIEWS = YES;
				GENERATE_INFOPLIST_FILE = YES;
				INFOPLIST_KEY_UIApplicationSceneManifest_Generation = YES;
				INFOPLIST_KEY_UIApplicationSupportsIndirectInputEvents = YES;
				INFOPLIST_KEY_UILaunchScreen_Generation = YES;
				INFOPLIST_KEY_UISupportedInterfaceOrientations_iPad = "UIInterfaceOrientationPortrait UIInterfaceOrientationPortraitUpsideDown UIInterfaceOrientationLandscapeLeft UIInterfaceOrientationLandscapeRight";
				INFOPLIST_KEY_UISupportedInterfaceOrientations_iPhone = "UIInterfaceOrientationPortrait UIInterfaceOrientationLandscapeLeft UIInterfaceOrientationLandscapeRight";
				LD_RUNPATH_SEARCH_PATHS = (
					"$(inherited)",
					"@executable_path/Frameworks",
				);
				MARKETING_VERSION = 1.0;
				PRODUCT_BUNDLE_IDENTIFIER = com.anastasiiaveremiichyk.MoonshotSwiftUI;
				PRODUCT_NAME = "$(TARGET_NAME)";
				SWIFT_EMIT_LOC_STRINGS = YES;
				SWIFT_VERSION = 5.0;
				TARGETED_DEVICE_FAMILY = "1,2";
			};
			name = Release;
		};
		A1D25AFA28E256C2000F6ABB /* Debug */ = {
			isa = XCBuildConfiguration;
			buildSettings = {
				ALWAYS_EMBED_SWIFT_STANDARD_LIBRARIES = YES;
				BUNDLE_LOADER = "$(TEST_HOST)";
				CODE_SIGN_STYLE = Automatic;
				CURRENT_PROJECT_VERSION = 1;
				DEVELOPMENT_TEAM = Z4W466JVX9;
				GENERATE_INFOPLIST_FILE = YES;
				IPHONEOS_DEPLOYMENT_TARGET = 15.5;
				MARKETING_VERSION = 1.0;
				PRODUCT_BUNDLE_IDENTIFIER = com.anastasiiaveremiichyk.MoonshotSwiftUITests;
				PRODUCT_NAME = "$(TARGET_NAME)";
				SWIFT_EMIT_LOC_STRINGS = NO;
				SWIFT_VERSION = 5.0;
				TARGETED_DEVICE_FAMILY = "1,2";
				TEST_HOST = "$(BUILT_PRODUCTS_DIR)/MoonshotSwiftUI.app/MoonshotSwiftUI";
			};
			name = Debug;
		};
		A1D25AFB28E256C2000F6ABB /* Release */ = {
			isa = XCBuildConfiguration;
			buildSettings = {
				ALWAYS_EMBED_SWIFT_STANDARD_LIBRARIES = YES;
				BUNDLE_LOADER = "$(TEST_HOST)";
				CODE_SIGN_STYLE = Automatic;
				CURRENT_PROJECT_VERSION = 1;
				DEVELOPMENT_TEAM = Z4W466JVX9;
				GENERATE_INFOPLIST_FILE = YES;
				IPHONEOS_DEPLOYMENT_TARGET = 15.5;
				MARKETING_VERSION = 1.0;
				PRODUCT_BUNDLE_IDENTIFIER = com.anastasiiaveremiichyk.MoonshotSwiftUITests;
				PRODUCT_NAME = "$(TARGET_NAME)";
				SWIFT_EMIT_LOC_STRINGS = NO;
				SWIFT_VERSION = 5.0;
				TARGETED_DEVICE_FAMILY = "1,2";
				TEST_HOST = "$(BUILT_PRODUCTS_DIR)/MoonshotSwiftUI.app/MoonshotSwiftUI";
			};
			name = Release;
		};
		A1D25AFD28E256C2000F6ABB /* Debug */ = {
			isa = XCBuildConfiguration;
			buildSettings = {
				ALWAYS_EMBED_SWIFT_STANDARD_LIBRARIES = YES;
				CODE_SIGN_STYLE = Automatic;
				CURRENT_PROJECT_VERSION = 1;
				DEVELOPMENT_TEAM = Z4W466JVX9;
				GENERATE_INFOPLIST_FILE = YES;
				MARKETING_VERSION = 1.0;
				PRODUCT_BUNDLE_IDENTIFIER = com.anastasiiaveremiichyk.MoonshotSwiftUIUITests;
				PRODUCT_NAME = "$(TARGET_NAME)";
				SWIFT_EMIT_LOC_STRINGS = NO;
				SWIFT_VERSION = 5.0;
				TARGETED_DEVICE_FAMILY = "1,2";
				TEST_TARGET_NAME = MoonshotSwiftUI;
			};
			name = Debug;
		};
		A1D25AFE28E256C2000F6ABB /* Release */ = {
			isa = XCBuildConfiguration;
			buildSettings = {
				ALWAYS_EMBED_SWIFT_STANDARD_LIBRARIES = YES;
				CODE_SIGN_STYLE = Automatic;
				CURRENT_PROJECT_VERSION = 1;
				DEVELOPMENT_TEAM = Z4W466JVX9;
				GENERATE_INFOPLIST_FILE = YES;
				MARKETING_VERSION = 1.0;
				PRODUCT_BUNDLE_IDENTIFIER = com.anastasiiaveremiichyk.MoonshotSwiftUIUITests;
				PRODUCT_NAME = "$(TARGET_NAME)";
				SWIFT_EMIT_LOC_STRINGS = NO;
				SWIFT_VERSION = 5.0;
				TARGETED_DEVICE_FAMILY = "1,2";
				TEST_TARGET_NAME = MoonshotSwiftUI;
			};
			name = Release;
		};
/* End XCBuildConfiguration section */

/* Begin XCConfigurationList section */
		A1D25ACD28E256BD000F6ABB /* Build configuration list for PBXProject "MoonshotSwiftUI" */ = {
			isa = XCConfigurationList;
			buildConfigurations = (
				A1D25AF428E256C2000F6ABB /* Debug */,
				A1D25AF528E256C2000F6ABB /* Release */,
			);
			defaultConfigurationIsVisible = 0;
			defaultConfigurationName = Release;
		};
		A1D25AF628E256C2000F6ABB /* Build configuration list for PBXNativeTarget "MoonshotSwiftUI" */ = {
			isa = XCConfigurationList;
			buildConfigurations = (
				A1D25AF728E256C2000F6ABB /* Debug */,
				A1D25AF828E256C2000F6ABB /* Release */,
			);
			defaultConfigurationIsVisible = 0;
			defaultConfigurationName = Release;
		};
		A1D25AF928E256C2000F6ABB /* Build configuration list for PBXNativeTarget "MoonshotSwiftUITests" */ = {
			isa = XCConfigurationList;
			buildConfigurations = (
				A1D25AFA28E256C2000F6ABB /* Debug */,
				A1D25AFB28E256C2000F6ABB /* Release */,
			);
			defaultConfigurationIsVisible = 0;
			defaultConfigurationName = Release;
		};
		A1D25AFC28E256C2000F6ABB /* Build configuration list for PBXNativeTarget "MoonshotSwiftUIUITests" */ = {
			isa = XCConfigurationList;
			buildConfigurations = (
				A1D25AFD28E256C2000F6ABB /* Debug */,
				A1D25AFE28E256C2000F6ABB /* Release */,
			);
			defaultConfigurationIsVisible = 0;
			defaultConfigurationName = Release;
		};
/* End XCConfigurationList section */
	};
	rootObject = A1D25ACA28E256BD000F6ABB /* Project object */;
}
